
Microsoft Visual Studio Solution File, Format Version 12.00
# Visual Studio Version 17
VisualStudioVersion = 17.10.35013.160
MinimumVisualStudioVersion = 10.0.40219.1
Project("{9A19103F-16F7-4668-BE54-9A1E7A4F7556}") = "EfCore.DatabaseFirst", "EfCore.DatabaseFirst\EfCore.DatabaseFirst.csproj", "{37B02801-2D28-4F21-9547-687FF678A77E}"
EndProject
Project("{9A19103F-16F7-4668-BE54-9A1E7A4F7556}") = "EfCore.DatabaseFirstByScaffold", "EfCore.DatabaseFirstByScaffold\EfCore.DatabaseFirstByScaffold.csproj", "{9EF68BAC-CAA9-4CE3-88AE-1E1A7E45898D}"
EndProject
Project("{FAE04EC0-301F-11D3-BF4B-00C04F79EFBC}") = "EfCore.CodeFirst", "EfCore.CodeFirst\EfCore.CodeFirst.csproj", "{11724E07-54BC-4A46-AE00-27863DD481A6}"
EndProject
Global
	GlobalSection(SolutionConfigurationPlatforms) = preSolution
		Debug|Any CPU = Debug|Any CPU
		Release|Any CPU = Release|Any CPU
	EndGlobalSection
	GlobalSection(ProjectConfigurationPlatforms) = postSolution
		{37B02801-2D28-4F21-9547-687FF678A77E}.Debug|Any CPU.ActiveCfg = Debug|Any CPU
		{37B02801-2D28-4F21-9547-687FF678A77E}.Debug|Any CPU.Build.0 = Debug|Any CPU
		{37B02801-2D28-4F21-9547-687FF678A77E}.Release|Any CPU.ActiveCfg = Release|Any CPU
		{37B02801-2D28-4F21-9547-687FF678A77E}.Release|Any CPU.Build.0 = Release|Any CPU
		{9EF68BAC-CAA9-4CE3-88AE-1E1A7E45898D}.Debug|Any CPU.ActiveCfg = Debug|Any CPU
		{9EF68BAC-CAA9-4CE3-88AE-1E1A7E45898D}.Debug|Any CPU.Build.0 = Debug|Any CPU
		{9EF68BAC-CAA9-4CE3-88AE-1E1A7E45898D}.Release|Any CPU.ActiveCfg = Release|Any CPU
		{9EF68BAC-CAA9-4CE3-88AE-1E1A7E45898D}.Release|Any CPU.Build.0 = Release|Any CPU
		{11724E07-54BC-4A46-AE00-27863DD481A6}.Debug|Any CPU.ActiveCfg = Debug|Any CPU
		{11724E07-54BC-4A46-AE00-27863DD481A6}.Debug|Any CPU.Build.0 = Debug|Any CPU
		{11724E07-54BC-4A46-AE00-27863DD481A6}.Release|Any CPU.ActiveCfg = Release|Any CPU
		{11724E07-54BC-4A46-AE00-27863DD481A6}.Release|Any CPU.Build.0 = Release|Any CPU
	EndGlobalSection
	GlobalSection(SolutionProperties) = preSolution
		HideSolutionNode = FALSE
	EndGlobalSection
	GlobalSection(ExtensibilityGlobals) = postSolution
		SolutionGuid = {C226F838-C9F3-42F0-B744-6843D3657564}
	EndGlobalSection
EndGlobal
